
Microsoft Visual Studio Solution File, Format Version 12.00
# Visual Studio 15
VisualStudioVersion = 15.0.26124.0
MinimumVisualStudioVersion = 15.0.26124.0
Project("{9A19103F-16F7-4668-BE54-9A1E7A4F7556}") = "Ogun.GrainInterfaces", "Ogun.GrainInterfaces\Ogun.GrainInterfaces.csproj", "{792F287F-C5E5-42F5-B969-7D21387E8429}"
EndProject
Project("{9A19103F-16F7-4668-BE54-9A1E7A4F7556}") = "Ogun.GrainImplementations", "Ogun.GrainImplementations\Ogun.GrainImplementations.csproj", "{45AE439D-AF00-4DB9-A3E4-D0F66452D25A}"
EndProject
Project("{9A19103F-16F7-4668-BE54-9A1E7A4F7556}") = "Ogun.SiloHost", "Ogun.SiloHost\Ogun.SiloHost.csproj", "{78F17408-477C-4E54-95A3-31B89E38B9C3}"
EndProject
Project("{9A19103F-16F7-4668-BE54-9A1E7A4F7556}") = "Ogun.Client", "Ogun.Client\Ogun.Client.csproj", "{44AB5AAC-2B15-42D9-A97C-6FD55E681C0B}"
EndProject
Project("{2150E333-8FDC-42A3-9474-1A3956D46DE8}") = "ServiceFabric", "ServiceFabric", "{2879B51A-671E-4693-83BB-8632DE20A999}"
EndProject
Project("{A07B5EB6-E848-4116-A8D0-A826331D98C6}") = "Ogun.SfHost", "Ogun.SfHost\Ogun.SfHost.sfproj", "{ECD6F8F1-BEE3-4FE6-AAE6-0079EA4CDB49}"
EndProject
Project("{9A19103F-16F7-4668-BE54-9A1E7A4F7556}") = "Ogun.SfHost.Service", "Ogun.SfHost.Service\Ogun.SfHost.Service.csproj", "{6C3B19C7-D2DF-4E97-AC51-8BED259474AA}"
EndProject
Project("{9A19103F-16F7-4668-BE54-9A1E7A4F7556}") = "Ogun.SfClient.Service", "Ogun.SfClient.Service\Ogun.SfClient.Service.csproj", "{33203561-915B-4A77-B3EE-ADA020D5525D}"
EndProject
Project("{2150E333-8FDC-42A3-9474-1A3956D46DE8}") = "Tests", "Tests", "{E05FCF9E-2F60-42D5-88FE-FFA904DC137D}"
EndProject
Project("{FAE04EC0-301F-11D3-BF4B-00C04F79EFBC}") = "Ogun.Tests", "Ogun.Tests\Ogun.Tests.csproj", "{E0E28E30-F7D7-4BD0-802D-6C96B84C62D8}"
EndProject
Global
	GlobalSection(SolutionConfigurationPlatforms) = preSolution
		Debug|Any CPU = Debug|Any CPU
		Debug|x64 = Debug|x64
		Debug|x86 = Debug|x86
		Release|Any CPU = Release|Any CPU
		Release|x64 = Release|x64
		Release|x86 = Release|x86
	EndGlobalSection
	GlobalSection(ProjectConfigurationPlatforms) = postSolution
		{792F287F-C5E5-42F5-B969-7D21387E8429}.Debug|Any CPU.ActiveCfg = Debug|Any CPU
		{792F287F-C5E5-42F5-B969-7D21387E8429}.Debug|Any CPU.Build.0 = Debug|Any CPU
		{792F287F-C5E5-42F5-B969-7D21387E8429}.Debug|x64.ActiveCfg = Debug|Any CPU
		{792F287F-C5E5-42F5-B969-7D21387E8429}.Debug|x64.Build.0 = Debug|Any CPU
		{792F287F-C5E5-42F5-B969-7D21387E8429}.Debug|x86.ActiveCfg = Debug|Any CPU
		{792F287F-C5E5-42F5-B969-7D21387E8429}.Debug|x86.Build.0 = Debug|Any CPU
		{792F287F-C5E5-42F5-B969-7D21387E8429}.Release|Any CPU.ActiveCfg = Release|Any CPU
		{792F287F-C5E5-42F5-B969-7D21387E8429}.Release|Any CPU.Build.0 = Release|Any CPU
		{792F287F-C5E5-42F5-B969-7D21387E8429}.Release|x64.ActiveCfg = Release|Any CPU
		{792F287F-C5E5-42F5-B969-7D21387E8429}.Release|x64.Build.0 = Release|Any CPU
		{792F287F-C5E5-42F5-B969-7D21387E8429}.Release|x86.ActiveCfg = Release|Any CPU
		{792F287F-C5E5-42F5-B969-7D21387E8429}.Release|x86.Build.0 = Release|Any CPU
		{45AE439D-AF00-4DB9-A3E4-D0F66452D25A}.Debug|Any CPU.ActiveCfg = Debug|Any CPU
		{45AE439D-AF00-4DB9-A3E4-D0F66452D25A}.Debug|Any CPU.Build.0 = Debug|Any CPU
		{45AE439D-AF00-4DB9-A3E4-D0F66452D25A}.Debug|x64.ActiveCfg = Debug|Any CPU
		{45AE439D-AF00-4DB9-A3E4-D0F66452D25A}.Debug|x64.Build.0 = Debug|Any CPU
		{45AE439D-AF00-4DB9-A3E4-D0F66452D25A}.Debug|x86.ActiveCfg = Debug|Any CPU
		{45AE439D-AF00-4DB9-A3E4-D0F66452D25A}.Debug|x86.Build.0 = Debug|Any CPU
		{45AE439D-AF00-4DB9-A3E4-D0F66452D25A}.Release|Any CPU.ActiveCfg = Release|Any CPU
		{45AE439D-AF00-4DB9-A3E4-D0F66452D25A}.Release|Any CPU.Build.0 = Release|Any CPU
		{45AE439D-AF00-4DB9-A3E4-D0F66452D25A}.Release|x64.ActiveCfg = Release|Any CPU
		{45AE439D-AF00-4DB9-A3E4-D0F66452D25A}.Release|x64.Build.0 = Release|Any CPU
		{45AE439D-AF00-4DB9-A3E4-D0F66452D25A}.Release|x86.ActiveCfg = Release|Any CPU
		{45AE439D-AF00-4DB9-A3E4-D0F66452D25A}.Release|x86.Build.0 = Release|Any CPU
		{78F17408-477C-4E54-95A3-31B89E38B9C3}.Debug|Any CPU.ActiveCfg = Debug|Any CPU
		{78F17408-477C-4E54-95A3-31B89E38B9C3}.Debug|Any CPU.Build.0 = Debug|Any CPU
		{78F17408-477C-4E54-95A3-31B89E38B9C3}.Debug|x64.ActiveCfg = Debug|Any CPU
		{78F17408-477C-4E54-95A3-31B89E38B9C3}.Debug|x64.Build.0 = Debug|Any CPU
		{78F17408-477C-4E54-95A3-31B89E38B9C3}.Debug|x86.ActiveCfg = Debug|Any CPU
		{78F17408-477C-4E54-95A3-31B89E38B9C3}.Debug|x86.Build.0 = Debug|Any CPU
		{78F17408-477C-4E54-95A3-31B89E38B9C3}.Release|Any CPU.ActiveCfg = Release|Any CPU
		{78F17408-477C-4E54-95A3-31B89E38B9C3}.Release|Any CPU.Build.0 = Release|Any CPU
		{78F17408-477C-4E54-95A3-31B89E38B9C3}.Release|x64.ActiveCfg = Release|Any CPU
		{78F17408-477C-4E54-95A3-31B89E38B9C3}.Release|x64.Build.0 = Release|Any CPU
		{78F17408-477C-4E54-95A3-31B89E38B9C3}.Release|x86.ActiveCfg = Release|Any CPU
		{78F17408-477C-4E54-95A3-31B89E38B9C3}.Release|x86.Build.0 = Release|Any CPU
		{44AB5AAC-2B15-42D9-A97C-6FD55E681C0B}.Debug|Any CPU.ActiveCfg = Debug|Any CPU
		{44AB5AAC-2B15-42D9-A97C-6FD55E681C0B}.Debug|Any CPU.Build.0 = Debug|Any CPU
		{44AB5AAC-2B15-42D9-A97C-6FD55E681C0B}.Debug|x64.ActiveCfg = Debug|Any CPU
		{44AB5AAC-2B15-42D9-A97C-6FD55E681C0B}.Debug|x64.Build.0 = Debug|Any CPU
		{44AB5AAC-2B15-42D9-A97C-6FD55E681C0B}.Debug|x86.ActiveCfg = Debug|Any CPU
		{44AB5AAC-2B15-42D9-A97C-6FD55E681C0B}.Debug|x86.Build.0 = Debug|Any CPU
		{44AB5AAC-2B15-42D9-A97C-6FD55E681C0B}.Release|Any CPU.ActiveCfg = Release|Any CPU
		{44AB5AAC-2B15-42D9-A97C-6FD55E681C0B}.Release|Any CPU.Build.0 = Release|Any CPU
		{44AB5AAC-2B15-42D9-A97C-6FD55E681C0B}.Release|x64.ActiveCfg = Release|Any CPU
		{44AB5AAC-2B15-42D9-A97C-6FD55E681C0B}.Release|x64.Build.0 = Release|Any CPU
		{44AB5AAC-2B15-42D9-A97C-6FD55E681C0B}.Release|x86.ActiveCfg = Release|Any CPU
		{44AB5AAC-2B15-42D9-A97C-6FD55E681C0B}.Release|x86.Build.0 = Release|Any CPU
		{ECD6F8F1-BEE3-4FE6-AAE6-0079EA4CDB49}.Debug|Any CPU.ActiveCfg = Debug|x64
		{ECD6F8F1-BEE3-4FE6-AAE6-0079EA4CDB49}.Debug|x64.ActiveCfg = Debug|x64
		{ECD6F8F1-BEE3-4FE6-AAE6-0079EA4CDB49}.Debug|x64.Build.0 = Debug|x64
		{ECD6F8F1-BEE3-4FE6-AAE6-0079EA4CDB49}.Debug|x64.Deploy.0 = Debug|x64
		{ECD6F8F1-BEE3-4FE6-AAE6-0079EA4CDB49}.Debug|x86.ActiveCfg = Debug|x64
		{ECD6F8F1-BEE3-4FE6-AAE6-0079EA4CDB49}.Release|Any CPU.ActiveCfg = Release|x64
		{ECD6F8F1-BEE3-4FE6-AAE6-0079EA4CDB49}.Release|x64.ActiveCfg = Release|x64
		{ECD6F8F1-BEE3-4FE6-AAE6-0079EA4CDB49}.Release|x64.Build.0 = Release|x64
		{ECD6F8F1-BEE3-4FE6-AAE6-0079EA4CDB49}.Release|x64.Deploy.0 = Release|x64
		{ECD6F8F1-BEE3-4FE6-AAE6-0079EA4CDB49}.Release|x86.ActiveCfg = Release|x64
		{6C3B19C7-D2DF-4E97-AC51-8BED259474AA}.Debug|Any CPU.ActiveCfg = Debug|Any CPU
		{6C3B19C7-D2DF-4E97-AC51-8BED259474AA}.Debug|Any CPU.Build.0 = Debug|Any CPU
		{6C3B19C7-D2DF-4E97-AC51-8BED259474AA}.Debug|x64.ActiveCfg = Debug|Any CPU
		{6C3B19C7-D2DF-4E97-AC51-8BED259474AA}.Debug|x64.Build.0 = Debug|Any CPU
		{6C3B19C7-D2DF-4E97-AC51-8BED259474AA}.Debug|x86.ActiveCfg = Debug|Any CPU
		{6C3B19C7-D2DF-4E97-AC51-8BED259474AA}.Debug|x86.Build.0 = Debug|Any CPU
		{6C3B19C7-D2DF-4E97-AC51-8BED259474AA}.Release|Any CPU.ActiveCfg = Release|Any CPU
		{6C3B19C7-D2DF-4E97-AC51-8BED259474AA}.Release|Any CPU.Build.0 = Release|Any CPU
		{6C3B19C7-D2DF-4E97-AC51-8BED259474AA}.Release|x64.ActiveCfg = Release|Any CPU
		{6C3B19C7-D2DF-4E97-AC51-8BED259474AA}.Release|x64.Build.0 = Release|Any CPU
		{6C3B19C7-D2DF-4E97-AC51-8BED259474AA}.Release|x86.ActiveCfg = Release|Any CPU
		{6C3B19C7-D2DF-4E97-AC51-8BED259474AA}.Release|x86.Build.0 = Release|Any CPU
		{33203561-915B-4A77-B3EE-ADA020D5525D}.Debug|Any CPU.ActiveCfg = Debug|Any CPU
		{33203561-915B-4A77-B3EE-ADA020D5525D}.Debug|Any CPU.Build.0 = Debug|Any CPU
		{33203561-915B-4A77-B3EE-ADA020D5525D}.Debug|x64.ActiveCfg = Debug|Any CPU
		{33203561-915B-4A77-B3EE-ADA020D5525D}.Debug|x64.Build.0 = Debug|Any CPU
		{33203561-915B-4A77-B3EE-ADA020D5525D}.Debug|x86.ActiveCfg = Debug|Any CPU
		{33203561-915B-4A77-B3EE-ADA020D5525D}.Debug|x86.Build.0 = Debug|Any CPU
		{33203561-915B-4A77-B3EE-ADA020D5525D}.Release|Any CPU.ActiveCfg = Release|Any CPU
		{33203561-915B-4A77-B3EE-ADA020D5525D}.Release|Any CPU.Build.0 = Release|Any CPU
		{33203561-915B-4A77-B3EE-ADA020D5525D}.Release|x64.ActiveCfg = Release|Any CPU
		{33203561-915B-4A77-B3EE-ADA020D5525D}.Release|x64.Build.0 = Release|Any CPU
		{33203561-915B-4A77-B3EE-ADA020D5525D}.Release|x86.ActiveCfg = Release|Any CPU
		{33203561-915B-4A77-B3EE-ADA020D5525D}.Release|x86.Build.0 = Release|Any CPU
		{E0E28E30-F7D7-4BD0-802D-6C96B84C62D8}.Debug|Any CPU.ActiveCfg = Debug|Any CPU
		{E0E28E30-F7D7-4BD0-802D-6C96B84C62D8}.Debug|Any CPU.Build.0 = Debug|Any CPU
		{E0E28E30-F7D7-4BD0-802D-6C96B84C62D8}.Debug|x64.ActiveCfg = Debug|Any CPU
		{E0E28E30-F7D7-4BD0-802D-6C96B84C62D8}.Debug|x64.Build.0 = Debug|Any CPU
		{E0E28E30-F7D7-4BD0-802D-6C96B84C62D8}.Debug|x86.ActiveCfg = Debug|Any CPU
		{E0E28E30-F7D7-4BD0-802D-6C96B84C62D8}.Debug|x86.Build.0 = Debug|Any CPU
		{E0E28E30-F7D7-4BD0-802D-6C96B84C62D8}.Release|Any CPU.ActiveCfg = Release|Any CPU
		{E0E28E30-F7D7-4BD0-802D-6C96B84C62D8}.Release|Any CPU.Build.0 = Release|Any CPU
		{E0E28E30-F7D7-4BD0-802D-6C96B84C62D8}.Release|x64.ActiveCfg = Release|Any CPU
		{E0E28E30-F7D7-4BD0-802D-6C96B84C62D8}.Release|x64.Build.0 = Release|Any CPU
		{E0E28E30-F7D7-4BD0-802D-6C96B84C62D8}.Release|x86.ActiveCfg = Release|Any CPU
		{E0E28E30-F7D7-4BD0-802D-6C96B84C62D8}.Release|x86.Build.0 = Release|Any CPU
	EndGlobalSection
	GlobalSection(SolutionProperties) = preSolution
		HideSolutionNode = FALSE
	EndGlobalSection
	GlobalSection(NestedProjects) = preSolution
		{ECD6F8F1-BEE3-4FE6-AAE6-0079EA4CDB49} = {2879B51A-671E-4693-83BB-8632DE20A999}
		{6C3B19C7-D2DF-4E97-AC51-8BED259474AA} = {2879B51A-671E-4693-83BB-8632DE20A999}
		{33203561-915B-4A77-B3EE-ADA020D5525D} = {2879B51A-671E-4693-83BB-8632DE20A999}
		{E0E28E30-F7D7-4BD0-802D-6C96B84C62D8} = {E05FCF9E-2F60-42D5-88FE-FFA904DC137D}
	EndGlobalSection
	GlobalSection(ExtensibilityGlobals) = postSolution
		SolutionGuid = {17F9CD72-58D5-45C4-B391-6CD8F493A2E5}
	EndGlobalSection
EndGlobal
